
Microsoft Visual Studio Solution File, Format Version 12.00
# Visual Studio Version 16
VisualStudioVersion = 16.0.30711.63
MinimumVisualStudioVersion = 10.0.40219.1
Project("{9A19103F-16F7-4668-BE54-9A1E7A4F7556}") = "AdventOfCode", "AdventOfCode.csproj", "{FC46A187-E6FD-4875-9029-A76A1201CD71}"
EndProject
Global
	GlobalSection(SolutionConfigurationPlatforms) = preSolution
		Debug|Any CPU = Debug|Any CPU
		Release|Any CPU = Release|Any CPU
	EndGlobalSection
	GlobalSection(ProjectConfigurationPlatforms) = postSolution
		{FC46A187-E6FD-4875-9029-A76A1201CD71}.Debug|Any CPU.ActiveCfg = Debug|Any CPU
		{FC46A187-E6FD-4875-9029-A76A1201CD71}.Debug|Any CPU.Build.0 = Debug|Any CPU
		{FC46A187-E6FD-4875-9029-A76A1201CD71}.Release|Any CPU.ActiveCfg = Release|Any CPU
		{FC46A187-E6FD-4875-9029-A76A1201CD71}.Release|Any CPU.Build.0 = Release|Any CPU
	EndGlobalSection
	GlobalSection(SolutionProperties) = preSolution
		HideSolutionNode = FALSE
	EndGlobalSection
	GlobalSection(ExtensibilityGlobals) = postSolution
		SolutionGuid = {202E99C1-E460-4FCF-A090-9BD4EA314EF1}
	EndGlobalSection
EndGlobal
